Microsoft Visual Studio Solution File, Format Version 9.00
# Visual Studio 2005
Project("{FAE04EC0-301F-11D3-BF4B-00C04F79EFBC}") = "Wiimote.Y2007.M06.proxy", "Wiimote.Y2007.M06.proxy.csproj", "{2FA3A52C-A459-461F-B1A8-ECC939245415}"
EndProject
Global
	GlobalSection(SolutionConfigurationPlatforms) = preSolution
		Debug|Any CPU = Debug|Any CPU
		Release|Any CPU = Release|Any CPU
	EndGlobalSection
	GlobalSection(ProjectConfigurationPlatforms) = postSolution
		{2FA3A52C-A459-461F-B1A8-ECC939245415}.Debug|Any CPU.ActiveCfg = Debug|Any CPU
		{2FA3A52C-A459-461F-B1A8-ECC939245415}.Debug|Any CPU.Build.0 = Debug|Any CPU
		{2FA3A52C-A459-461F-B1A8-ECC939245415}.Release|Any CPU.ActiveCfg = Release|Any CPU
		{2FA3A52C-A459-461F-B1A8-ECC939245415}.Release|Any CPU.Build.0 = Release|Any CPU
	EndGlobalSection
	GlobalSection(SolutionProperties) = preSolution
		HideSolutionNode = FALSE
	EndGlobalSection
EndGlobal